
Microsoft Visual Studio Solution File, Format Version 12.00
# Visual Studio 14
VisualStudioVersion = 14.0.25420.1
MinimumVisualStudioVersion = 10.0.40219.1
Project("{FAE04EC0-301F-11D3-BF4B-00C04F79EFBC}") = "LibraryCalc", "LibraryCalc\LibraryCalc.csproj", "{B2E418C4-AECA-4D08-9CF4-ED501005DE6E}"
EndProject
Project("{FAE04EC0-301F-11D3-BF4B-00C04F79EFBC}") = "Calc.Test", "Calc.Test\Calc.Test.csproj", "{BF96D219-BF4C-4828-B468-74D622A6224E}"
EndProject
Global
	GlobalSection(SolutionConfigurationPlatforms) = preSolution
		Debug|Any CPU = Debug|Any CPU
		Release|Any CPU = Release|Any CPU
	EndGlobalSection
	GlobalSection(ProjectConfigurationPlatforms) = postSolution
		{B2E418C4-AECA-4D08-9CF4-ED501005DE6E}.Debug|Any CPU.ActiveCfg = Debug|Any CPU
		{B2E418C4-AECA-4D08-9CF4-ED501005DE6E}.Debug|Any CPU.Build.0 = Debug|Any CPU
		{B2E418C4-AECA-4D08-9CF4-ED501005DE6E}.Release|Any CPU.ActiveCfg = Release|Any CPU
		{B2E418C4-AECA-4D08-9CF4-ED501005DE6E}.Release|Any CPU.Build.0 = Release|Any CPU
		{BF96D219-BF4C-4828-B468-74D622A6224E}.Debug|Any CPU.ActiveCfg = Debug|Any CPU
		{BF96D219-BF4C-4828-B468-74D622A6224E}.Debug|Any CPU.Build.0 = Debug|Any CPU
		{BF96D219-BF4C-4828-B468-74D622A6224E}.Release|Any CPU.ActiveCfg = Release|Any CPU
		{BF96D219-BF4C-4828-B468-74D622A6224E}.Release|Any CPU.Build.0 = Release|Any CPU
	EndGlobalSection
	GlobalSection(SolutionProperties) = preSolution
		HideSolutionNode = FALSE
	EndGlobalSection
EndGlobal
